
Microsoft Visual Studio Solution File, Format Version 12.00
# Visual Studio Version 16
VisualStudioVersion = 25.0.1706.7
MinimumVisualStudioVersion = 10.0.40219.1
Project("{FAE04EC0-301F-11D3-BF4B-00C04F79EFBC}") = "EVABank", "EVABank\EVABank.csproj", "{A329115C-D627-48E7-815D-67ACB450329B}"
EndProject
Global
	GlobalSection(SolutionConfigurationPlatforms) = preSolution
		Debug|Any CPU = Debug|Any CPU
		Release|Any CPU = Release|Any CPU
	EndGlobalSection
	GlobalSection(ProjectConfigurationPlatforms) = postSolution
		{A329115C-D627-48E7-815D-67ACB450329B}.Debug|Any CPU.ActiveCfg = Debug|Any CPU
		{A329115C-D627-48E7-815D-67ACB450329B}.Debug|Any CPU.Build.0 = Debug|Any CPU
		{A329115C-D627-48E7-815D-67ACB450329B}.Release|Any CPU.ActiveCfg = Release|Any CPU
		{A329115C-D627-48E7-815D-67ACB450329B}.Release|Any CPU.Build.0 = Release|Any CPU
	EndGlobalSection
	GlobalSection(SolutionProperties) = preSolution
		HideSolutionNode = FALSE
	EndGlobalSection
	GlobalSection(ExtensibilityGlobals) = postSolution
		SolutionGuid = {12B17CA7-BC5D-4DB2-ACFA-FE015DC99C05}
	EndGlobalSection
EndGlobal
