
Microsoft Visual Studio Solution File, Format Version 12.00
# Visual Studio Version 16
VisualStudioVersion = 25.0.1706.8
MinimumVisualStudioVersion = 10.0.40219.1
Project("{FAE04EC0-301F-11D3-BF4B-00C04F79EFBC}") = "EVABank", "EVABank.csproj", "{B6851422-B70A-4066-8DA2-8EE39B419120}"
EndProject
Global
	GlobalSection(SolutionConfigurationPlatforms) = preSolution
		Debug|Any CPU = Debug|Any CPU
		Release|Any CPU = Release|Any CPU
	EndGlobalSection
	GlobalSection(ProjectConfigurationPlatforms) = postSolution
		{B6851422-B70A-4066-8DA2-8EE39B419120}.Debug|Any CPU.ActiveCfg = Debug|Any CPU
		{B6851422-B70A-4066-8DA2-8EE39B419120}.Debug|Any CPU.Build.0 = Debug|Any CPU
		{B6851422-B70A-4066-8DA2-8EE39B419120}.Release|Any CPU.ActiveCfg = Release|Any CPU
		{B6851422-B70A-4066-8DA2-8EE39B419120}.Release|Any CPU.Build.0 = Release|Any CPU
	EndGlobalSection
	GlobalSection(SolutionProperties) = preSolution
		HideSolutionNode = FALSE
	EndGlobalSection
	GlobalSection(ExtensibilityGlobals) = postSolution
		SolutionGuid = {DDEABD4E-9DA6-42A6-BCE7-D4DEC6B85AFF}
	EndGlobalSection
EndGlobal
